
Microsoft Visual Studio Solution File, Format Version 12.00
# Visual Studio Version 17
VisualStudioVersion = 17.0.31808.319
MinimumVisualStudioVersion = 10.0.40219.1
Project("{FAE04EC0-301F-11D3-BF4B-00C04F79EFBC}") = "FuiteMemoire", "FuiteMemoire.csproj", "{7BD4C466-EFD0-4F4D-8F55-123D2DD9572A}"
EndProject
Global
	GlobalSection(SolutionConfigurationPlatforms) = preSolution
		Debug|Any CPU = Debug|Any CPU
		Release|Any CPU = Release|Any CPU
	EndGlobalSection
	GlobalSection(ProjectConfigurationPlatforms) = postSolution
		{7BD4C466-EFD0-4F4D-8F55-123D2DD9572A}.Debug|Any CPU.ActiveCfg = Debug|Any CPU
		{7BD4C466-EFD0-4F4D-8F55-123D2DD9572A}.Debug|Any CPU.Build.0 = Debug|Any CPU
		{7BD4C466-EFD0-4F4D-8F55-123D2DD9572A}.Release|Any CPU.ActiveCfg = Release|Any CPU
		{7BD4C466-EFD0-4F4D-8F55-123D2DD9572A}.Release|Any CPU.Build.0 = Release|Any CPU
	EndGlobalSection
	GlobalSection(SolutionProperties) = preSolution
		HideSolutionNode = FALSE
	EndGlobalSection
	GlobalSection(ExtensibilityGlobals) = postSolution
		SolutionGuid = {8CBF2E5C-E0FB-4117-8A64-AD96305F4B51}
	EndGlobalSection
EndGlobal
